
Microsoft Visual Studio Solution File, Format Version 12.00
# Visual Studio 15
VisualStudioVersion = 15.0.26403.7
MinimumVisualStudioVersion = 10.0.40219.1
Project("{9A19103F-16F7-4668-BE54-9A1E7A4F7556}") = "EcommerceAngular", "EcommerceAngular\EcommerceAngular.csproj", "{3D7DFADE-0615-4A31-A738-3D73DDC7CE94}"
EndProject
Project("{9A19103F-16F7-4668-BE54-9A1E7A4F7556}") = "EcommerceData", "EcommerceData\EcommerceData.csproj", "{97723296-8EB0-490E-8279-3F86000CB8AF}"
EndProject
Project("{9A19103F-16F7-4668-BE54-9A1E7A4F7556}") = "EcommerceServer", "IdentityServerWithAspNetIdentity\EcommerceServer.csproj", "{74384C4E-D322-4892-879C-06781BCAE64F}"
EndProject
Global
	GlobalSection(SolutionConfigurationPlatforms) = preSolution
		Debug|Any CPU = Debug|Any CPU
		Release|Any CPU = Release|Any CPU
	EndGlobalSection
	GlobalSection(ProjectConfigurationPlatforms) = postSolution
		{3D7DFADE-0615-4A31-A738-3D73DDC7CE94}.Debug|Any CPU.ActiveCfg = Debug|Any CPU
		{3D7DFADE-0615-4A31-A738-3D73DDC7CE94}.Debug|Any CPU.Build.0 = Debug|Any CPU
		{3D7DFADE-0615-4A31-A738-3D73DDC7CE94}.Release|Any CPU.ActiveCfg = Release|Any CPU
		{3D7DFADE-0615-4A31-A738-3D73DDC7CE94}.Release|Any CPU.Build.0 = Release|Any CPU
		{97723296-8EB0-490E-8279-3F86000CB8AF}.Debug|Any CPU.ActiveCfg = Debug|Any CPU
		{97723296-8EB0-490E-8279-3F86000CB8AF}.Debug|Any CPU.Build.0 = Debug|Any CPU
		{97723296-8EB0-490E-8279-3F86000CB8AF}.Release|Any CPU.ActiveCfg = Release|Any CPU
		{97723296-8EB0-490E-8279-3F86000CB8AF}.Release|Any CPU.Build.0 = Release|Any CPU
		{74384C4E-D322-4892-879C-06781BCAE64F}.Debug|Any CPU.ActiveCfg = Debug|Any CPU
		{74384C4E-D322-4892-879C-06781BCAE64F}.Debug|Any CPU.Build.0 = Debug|Any CPU
		{74384C4E-D322-4892-879C-06781BCAE64F}.Release|Any CPU.ActiveCfg = Release|Any CPU
		{74384C4E-D322-4892-879C-06781BCAE64F}.Release|Any CPU.Build.0 = Release|Any CPU
	EndGlobalSection
	GlobalSection(SolutionProperties) = preSolution
		HideSolutionNode = FALSE
	EndGlobalSection
EndGlobal
